Microsoft Visual Studio Solution File, Format Version 12.00
# Visual Studio 15
VisualStudioVersion = 15.0.26430.4
MinimumVisualStudioVersion = 10.0.40219.1
Project("{D954291E-2A0B-460D-934E-DC6B0785DB48}") = "Shared", "Shared\Shared.shproj", "{F413D304-3B87-4DB8-90D1-84694155ECA5}"
EndProject
Project("{FAE04EC0-301F-11D3-BF4B-00C04F79EFBC}") = "Android", "Android\Android.csproj", "{CC23F9F8-AE12-4CCF-8404-49893B6D565C}"
EndProject
Project("{FAE04EC0-301F-11D3-BF4B-00C04F79EFBC}") = "iOS", "iOS\iOS.csproj", "{DE22BDD6-E154-4B97-B2ED-621F95A5B9AE}"
EndProject
Project("{2150E333-8FDC-42A3-9474-1A3956D46DE8}") = "Solution Items", "Solution Items", "{EB802F83-E581-4C4B-9B16-7D00D66C9329}"
	ProjectSection(SolutionItems) = preProject
		GCop.json = GCop.json
	EndProjectSection
EndProject
Project("{FAE04EC0-301F-11D3-BF4B-00C04F79EFBC}") = "UWP", "UWP\UWP.csproj", "{B7A36308-59AF-4C49-BE4B-7D1D19280A3C}"
EndProject
Global
	GlobalSection(SharedMSBuildProjectFiles) = preSolution
		Shared\Shared.projitems*{b7a36308-59af-4c49-be4b-7d1d19280a3c}*SharedItemsImports = 4
		Shared\Shared.projitems*{cc23f9f8-ae12-4ccf-8404-49893b6d565c}*SharedItemsImports = 4
		Shared\Shared.projitems*{de22bdd6-e154-4b97-b2ed-621f95a5b9ae}*SharedItemsImports = 4
		Shared\Shared.projitems*{f413d304-3b87-4db8-90d1-84694155eca5}*SharedItemsImports = 13
	EndGlobalSection
	GlobalSection(SolutionConfigurationPlatforms) = preSolution
		Debug|Any CPU = Debug|Any CPU
		Debug|ARM = Debug|ARM
		Debug|x64 = Debug|x64
		Debug|x86 = Debug|x86
		Release|Any CPU = Release|Any CPU
		Release|ARM = Release|ARM
		Release|x64 = Release|x64
		Release|x86 = Release|x86
	EndGlobalSection
	GlobalSection(ProjectConfigurationPlatforms) = postSolution
		{CC23F9F8-AE12-4CCF-8404-49893B6D565C}.Debug|Any CPU.ActiveCfg = Debug|Any CPU
		{CC23F9F8-AE12-4CCF-8404-49893B6D565C}.Debug|Any CPU.Build.0 = Debug|Any CPU
		{CC23F9F8-AE12-4CCF-8404-49893B6D565C}.Debug|ARM.ActiveCfg = Debug|Any CPU
		{CC23F9F8-AE12-4CCF-8404-49893B6D565C}.Debug|ARM.Build.0 = Debug|Any CPU
		{CC23F9F8-AE12-4CCF-8404-49893B6D565C}.Debug|x64.ActiveCfg = Debug|Any CPU
		{CC23F9F8-AE12-4CCF-8404-49893B6D565C}.Debug|x64.Build.0 = Debug|Any CPU
		{CC23F9F8-AE12-4CCF-8404-49893B6D565C}.Debug|x86.ActiveCfg = Debug|Any CPU
		{CC23F9F8-AE12-4CCF-8404-49893B6D565C}.Debug|x86.Build.0 = Debug|Any CPU
		{CC23F9F8-AE12-4CCF-8404-49893B6D565C}.Release|Any CPU.ActiveCfg = Release|Any CPU
		{CC23F9F8-AE12-4CCF-8404-49893B6D565C}.Release|Any CPU.Build.0 = Release|Any CPU
		{CC23F9F8-AE12-4CCF-8404-49893B6D565C}.Release|ARM.ActiveCfg = Release|Any CPU
		{CC23F9F8-AE12-4CCF-8404-49893B6D565C}.Release|ARM.Build.0 = Release|Any CPU
		{CC23F9F8-AE12-4CCF-8404-49893B6D565C}.Release|x64.ActiveCfg = Release|Any CPU
		{CC23F9F8-AE12-4CCF-8404-49893B6D565C}.Release|x64.Build.0 = Release|Any CPU
		{CC23F9F8-AE12-4CCF-8404-49893B6D565C}.Release|x86.ActiveCfg = Release|Any CPU
		{CC23F9F8-AE12-4CCF-8404-49893B6D565C}.Release|x86.Build.0 = Release|Any CPU
		{DE22BDD6-E154-4B97-B2ED-621F95A5B9AE}.Debug|Any CPU.ActiveCfg = Debug|Any CPU
		{DE22BDD6-E154-4B97-B2ED-621F95A5B9AE}.Debug|Any CPU.Build.0 = Debug|Any CPU
		{DE22BDD6-E154-4B97-B2ED-621F95A5B9AE}.Debug|ARM.ActiveCfg = Debug|Any CPU
		{DE22BDD6-E154-4B97-B2ED-621F95A5B9AE}.Debug|ARM.Build.0 = Debug|Any CPU
		{DE22BDD6-E154-4B97-B2ED-621F95A5B9AE}.Debug|x64.ActiveCfg = Debug|Any CPU
		{DE22BDD6-E154-4B97-B2ED-621F95A5B9AE}.Debug|x64.Build.0 = Debug|Any CPU
		{DE22BDD6-E154-4B97-B2ED-621F95A5B9AE}.Debug|x86.ActiveCfg = Debug|Any CPU
		{DE22BDD6-E154-4B97-B2ED-621F95A5B9AE}.Debug|x86.Build.0 = Debug|Any CPU
		{DE22BDD6-E154-4B97-B2ED-621F95A5B9AE}.Release|Any CPU.ActiveCfg = Release|Any CPU
		{DE22BDD6-E154-4B97-B2ED-621F95A5B9AE}.Release|Any CPU.Build.0 = Release|Any CPU
		{DE22BDD6-E154-4B97-B2ED-621F95A5B9AE}.Release|ARM.ActiveCfg = Release|Any CPU
		{DE22BDD6-E154-4B97-B2ED-621F95A5B9AE}.Release|ARM.Build.0 = Release|Any CPU
		{DE22BDD6-E154-4B97-B2ED-621F95A5B9AE}.Release|x64.ActiveCfg = Release|Any CPU
		{DE22BDD6-E154-4B97-B2ED-621F95A5B9AE}.Release|x64.Build.0 = Release|Any CPU
		{DE22BDD6-E154-4B97-B2ED-621F95A5B9AE}.Release|x86.ActiveCfg = Release|Any CPU
		{DE22BDD6-E154-4B97-B2ED-621F95A5B9AE}.Release|x86.Build.0 = Release|Any CPU
		{B7A36308-59AF-4C49-BE4B-7D1D19280A3C}.Debug|Any CPU.ActiveCfg = Debug|Any CPU
		{B7A36308-59AF-4C49-BE4B-7D1D19280A3C}.Debug|Any CPU.Build.0 = Debug|Any CPU
		{B7A36308-59AF-4C49-BE4B-7D1D19280A3C}.Debug|ARM.ActiveCfg = Debug|ARM
		{B7A36308-59AF-4C49-BE4B-7D1D19280A3C}.Debug|ARM.Build.0 = Debug|ARM
		{B7A36308-59AF-4C49-BE4B-7D1D19280A3C}.Debug|x64.ActiveCfg = Debug|x64
		{B7A36308-59AF-4C49-BE4B-7D1D19280A3C}.Debug|x64.Build.0 = Debug|x64
		{B7A36308-59AF-4C49-BE4B-7D1D19280A3C}.Debug|x86.ActiveCfg = Debug|x86
		{B7A36308-59AF-4C49-BE4B-7D1D19280A3C}.Debug|x86.Build.0 = Debug|x86
		{B7A36308-59AF-4C49-BE4B-7D1D19280A3C}.Release|Any CPU.ActiveCfg = Release|Any CPU
		{B7A36308-59AF-4C49-BE4B-7D1D19280A3C}.Release|Any CPU.Build.0 = Release|Any CPU
		{B7A36308-59AF-4C49-BE4B-7D1D19280A3C}.Release|ARM.ActiveCfg = Release|ARM
		{B7A36308-59AF-4C49-BE4B-7D1D19280A3C}.Release|ARM.Build.0 = Release|ARM
		{B7A36308-59AF-4C49-BE4B-7D1D19280A3C}.Release|x64.ActiveCfg = Release|x64
		{B7A36308-59AF-4C49-BE4B-7D1D19280A3C}.Release|x64.Build.0 = Release|x64
		{B7A36308-59AF-4C49-BE4B-7D1D19280A3C}.Release|x86.ActiveCfg = Release|x86
		{B7A36308-59AF-4C49-BE4B-7D1D19280A3C}.Release|x86.Build.0 = Release|x86
	EndGlobalSection
	GlobalSection(SolutionProperties) = preSolution
		HideSolutionNode = FALSE
	EndGlobalSection
EndGlobal
